
Microsoft Visual Studio Solution File, Format Version 12.00
# Visual Studio Version 16
VisualStudioVersion = 16.0.29111.141
MinimumVisualStudioVersion = 10.0.40219.1
Project("{FAE04EC0-301F-11D3-BF4B-00C04F79EFBC}") = "ConsoleHomeLibrary", "ConsoleHomeLibrary\ConsoleHomeLibrary.csproj", "{03081930-F3AE-45DF-91E4-71D67AFE48B1}"
EndProject
Global
	GlobalSection(SolutionConfigurationPlatforms) = preSolution
		Debug|Any CPU = Debug|Any CPU
		Release|Any CPU = Release|Any CPU
	EndGlobalSection
	GlobalSection(ProjectConfigurationPlatforms) = postSolution
		{03081930-F3AE-45DF-91E4-71D67AFE48B1}.Debug|Any CPU.ActiveCfg = Debug|Any CPU
		{03081930-F3AE-45DF-91E4-71D67AFE48B1}.Debug|Any CPU.Build.0 = Debug|Any CPU
		{03081930-F3AE-45DF-91E4-71D67AFE48B1}.Release|Any CPU.ActiveCfg = Release|Any CPU
		{03081930-F3AE-45DF-91E4-71D67AFE48B1}.Release|Any CPU.Build.0 = Release|Any CPU
	EndGlobalSection
	GlobalSection(SolutionProperties) = preSolution
		HideSolutionNode = FALSE
	EndGlobalSection
	GlobalSection(ExtensibilityGlobals) = postSolution
		SolutionGuid = {6C4C5335-10DD-46D5-A475-8149BF5E50BB}
	EndGlobalSection
EndGlobal
